
Microsoft Visual Studio Solution File, Format Version 12.00
# Visual Studio Version 17
VisualStudioVersion = 17.10.34928.147
MinimumVisualStudioVersion = 10.0.40219.1
Project("{FAE04EC0-301F-11D3-BF4B-00C04F79EFBC}") = "ConceptsPOO_Application", "ConceptsPOO_Application\ConceptsPOO_Application.csproj", "{EBBC1442-2DDC-4FEF-96D6-43A11876AB9A}"
EndProject
Global
	GlobalSection(SolutionConfigurationPlatforms) = preSolution
		Debug|Any CPU = Debug|Any CPU
		Release|Any CPU = Release|Any CPU
	EndGlobalSection
	GlobalSection(ProjectConfigurationPlatforms) = postSolution
		{EBBC1442-2DDC-4FEF-96D6-43A11876AB9A}.Debug|Any CPU.ActiveCfg = Debug|Any CPU
		{EBBC1442-2DDC-4FEF-96D6-43A11876AB9A}.Debug|Any CPU.Build.0 = Debug|Any CPU
		{EBBC1442-2DDC-4FEF-96D6-43A11876AB9A}.Release|Any CPU.ActiveCfg = Release|Any CPU
		{EBBC1442-2DDC-4FEF-96D6-43A11876AB9A}.Release|Any CPU.Build.0 = Release|Any CPU
	EndGlobalSection
	GlobalSection(SolutionProperties) = preSolution
		HideSolutionNode = FALSE
	EndGlobalSection
	GlobalSection(ExtensibilityGlobals) = postSolution
		SolutionGuid = {BA36B5C8-2E82-4E90-86CA-8C068EE68D62}
	EndGlobalSection
EndGlobal
